
Microsoft Visual Studio Solution File, Format Version 12.00
# Visual Studio 2012
Project("{FAE04EC0-301F-11D3-BF4B-00C04F79EFBC}") = "touch_shortcut", "touh_shortcut\touch_shortcut.csproj", "{46BEAC14-CF4E-4D29-BDD6-A22271458DCE}"
EndProject
Global
	GlobalSection(SolutionConfigurationPlatforms) = preSolution
		Debug|Any CPU = Debug|Any CPU
		Release|Any CPU = Release|Any CPU
	EndGlobalSection
	GlobalSection(ProjectConfigurationPlatforms) = postSolution
		{46BEAC14-CF4E-4D29-BDD6-A22271458DCE}.Debug|Any CPU.ActiveCfg = Debug|Any CPU
		{46BEAC14-CF4E-4D29-BDD6-A22271458DCE}.Debug|Any CPU.Build.0 = Debug|Any CPU
		{46BEAC14-CF4E-4D29-BDD6-A22271458DCE}.Release|Any CPU.ActiveCfg = Release|Any CPU
		{46BEAC14-CF4E-4D29-BDD6-A22271458DCE}.Release|Any CPU.Build.0 = Release|Any CPU
	EndGlobalSection
	GlobalSection(SolutionProperties) = preSolution
		HideSolutionNode = FALSE
	EndGlobalSection
EndGlobal
